Microsoft Visual Studio Solution File, Format Version 8.00
Project("{F184B08F-C81C-45F6-A57F-5ABD9991F28F}") = "AsistPrj", "AsistPrj.vbproj", "{6EDE9961-641B-4D77-BA2C-16EAF78BA94D}"
	ProjectSection(ProjectDependencies) = postProject
	EndProjectSection
EndProject
Global
	GlobalSection(SolutionConfiguration) = preSolution
		Debug = Debug
		Release = Release
	EndGlobalSection
	GlobalSection(ProjectConfiguration) = postSolution
		{6EDE9961-641B-4D77-BA2C-16EAF78BA94D}.Debug.ActiveCfg = Debug|.NET
		{6EDE9961-641B-4D77-BA2C-16EAF78BA94D}.Debug.Build.0 = Debug|.NET
		{6EDE9961-641B-4D77-BA2C-16EAF78BA94D}.Release.ActiveCfg = Release|.NET
		{6EDE9961-641B-4D77-BA2C-16EAF78BA94D}.Release.Build.0 = Release|.NET
	EndGlobalSection
	GlobalSection(ExtensibilityGlobals) = postSolution
	EndGlobalSection
	GlobalSection(ExtensibilityAddIns) = postSolution
	EndGlobalSection
EndGlobal
